
Microsoft Visual Studio Solution File, Format Version 12.00
# Visual Studio Version 16
VisualStudioVersion = 16.0.31624.102
MinimumVisualStudioVersion = 10.0.40219.1
Project("{FAE04EC0-301F-11D3-BF4B-00C04F79EFBC}") = "balkezesek", "balkezesek\balkezesek.csproj", "{35871CC1-F986-411D-A3BC-56CA36113C5F}"
EndProject
Global
	GlobalSection(SolutionConfigurationPlatforms) = preSolution
		Debug|Any CPU = Debug|Any CPU
		Release|Any CPU = Release|Any CPU
	EndGlobalSection
	GlobalSection(ProjectConfigurationPlatforms) = postSolution
		{35871CC1-F986-411D-A3BC-56CA36113C5F}.Debug|Any CPU.ActiveCfg = Debug|Any CPU
		{35871CC1-F986-411D-A3BC-56CA36113C5F}.Debug|Any CPU.Build.0 = Debug|Any CPU
		{35871CC1-F986-411D-A3BC-56CA36113C5F}.Release|Any CPU.ActiveCfg = Release|Any CPU
		{35871CC1-F986-411D-A3BC-56CA36113C5F}.Release|Any CPU.Build.0 = Release|Any CPU
	EndGlobalSection
	GlobalSection(SolutionProperties) = preSolution
		HideSolutionNode = FALSE
	EndGlobalSection
	GlobalSection(ExtensibilityGlobals) = postSolution
		SolutionGuid = {AC8DD7C8-0443-4295-8A91-9EF1F4E8A596}
	EndGlobalSection
EndGlobal
